
Microsoft Visual Studio Solution File, Format Version 12.00
# Visual Studio Version 17
VisualStudioVersion = 17.0.31903.59
MinimumVisualStudioVersion = 10.0.40219.1
Project("{2150E333-8FDC-42A3-9474-1A3956D46DE8}") = "src", "src", "{495B9950-E22E-420E-8BA5-478472DEBB84}"
EndProject
Project("{9A19103F-16F7-4668-BE54-9A1E7A4F7556}") = "IntroToBDD.Helpers", "src\helpers\IntroToBDD.Helpers.csproj", "{A6307E27-3A4B-425B-99BB-067F6A42228E}"
EndProject
Project("{9A19103F-16F7-4668-BE54-9A1E7A4F7556}") = "IntroToBDD.Test", "test\IntroToBDD.Test.csproj", "{508DE7A5-0B06-4846-A693-1F2C86BA35C4}"
EndProject
Global
	GlobalSection(SolutionConfigurationPlatforms) = preSolution
		Debug|Any CPU = Debug|Any CPU
		Release|Any CPU = Release|Any CPU
	EndGlobalSection
	GlobalSection(ProjectConfigurationPlatforms) = postSolution
		{A6307E27-3A4B-425B-99BB-067F6A42228E}.Debug|Any CPU.ActiveCfg = Debug|Any CPU
		{A6307E27-3A4B-425B-99BB-067F6A42228E}.Debug|Any CPU.Build.0 = Debug|Any CPU
		{A6307E27-3A4B-425B-99BB-067F6A42228E}.Release|Any CPU.ActiveCfg = Release|Any CPU
		{A6307E27-3A4B-425B-99BB-067F6A42228E}.Release|Any CPU.Build.0 = Release|Any CPU
		{508DE7A5-0B06-4846-A693-1F2C86BA35C4}.Debug|Any CPU.ActiveCfg = Debug|Any CPU
		{508DE7A5-0B06-4846-A693-1F2C86BA35C4}.Debug|Any CPU.Build.0 = Debug|Any CPU
		{508DE7A5-0B06-4846-A693-1F2C86BA35C4}.Release|Any CPU.ActiveCfg = Release|Any CPU
		{508DE7A5-0B06-4846-A693-1F2C86BA35C4}.Release|Any CPU.Build.0 = Release|Any CPU
	EndGlobalSection
	GlobalSection(SolutionProperties) = preSolution
		HideSolutionNode = FALSE
	EndGlobalSection
	GlobalSection(NestedProjects) = preSolution
		{A6307E27-3A4B-425B-99BB-067F6A42228E} = {495B9950-E22E-420E-8BA5-478472DEBB84}
	EndGlobalSection
	GlobalSection(ExtensibilityGlobals) = postSolution
		SolutionGuid = {CCECD9D6-C9E4-4F6D-A7BB-8A39732FB062}
	EndGlobalSection
EndGlobal
